
Microsoft Visual Studio Solution File, Format Version 12.00
# Visual Studio 15
VisualStudioVersion = 15.0.27703.2042
MinimumVisualStudioVersion = 10.0.40219.1
Project("{FAE04EC0-301F-11D3-BF4B-00C04F79EFBC}") = "Abstraction", "Abstraction\Abstraction.csproj", "{73E031C3-3E11-4416-9546-9F75351AFF36}"
EndProject
Project("{FAE04EC0-301F-11D3-BF4B-00C04F79EFBC}") = "AbstractionTests", "AbstractionTests\AbstractionTests.csproj", "{47D35941-3298-47F0-B11A-E4E5001507F3}"
EndProject
Global
	GlobalSection(SolutionConfigurationPlatforms) = preSolution
		Debug|Any CPU = Debug|Any CPU
		Release|Any CPU = Release|Any CPU
	EndGlobalSection
	GlobalSection(ProjectConfigurationPlatforms) = postSolution
		{73E031C3-3E11-4416-9546-9F75351AFF36}.Debug|Any CPU.ActiveCfg = Debug|Any CPU
		{73E031C3-3E11-4416-9546-9F75351AFF36}.Debug|Any CPU.Build.0 = Debug|Any CPU
		{73E031C3-3E11-4416-9546-9F75351AFF36}.Release|Any CPU.ActiveCfg = Release|Any CPU
		{73E031C3-3E11-4416-9546-9F75351AFF36}.Release|Any CPU.Build.0 = Release|Any CPU
		{47D35941-3298-47F0-B11A-E4E5001507F3}.Debug|Any CPU.ActiveCfg = Debug|Any CPU
		{47D35941-3298-47F0-B11A-E4E5001507F3}.Debug|Any CPU.Build.0 = Debug|Any CPU
		{47D35941-3298-47F0-B11A-E4E5001507F3}.Release|Any CPU.ActiveCfg = Release|Any CPU
		{47D35941-3298-47F0-B11A-E4E5001507F3}.Release|Any CPU.Build.0 = Release|Any CPU
	EndGlobalSection
	GlobalSection(SolutionProperties) = preSolution
		HideSolutionNode = FALSE
	EndGlobalSection
	GlobalSection(ExtensibilityGlobals) = postSolution
		SolutionGuid = {0E03A16B-8B34-43C9-962E-D9987A3B85EF}
	EndGlobalSection
EndGlobal
