
Microsoft Visual Studio Solution File, Format Version 12.00
# Visual Studio 15
VisualStudioVersion = 15.0.27703.2042
MinimumVisualStudioVersion = 10.0.40219.1
Project("{FAE04EC0-301F-11D3-BF4B-00C04F79EFBC}") = "Inheritance", "Inheritance\Inheritance.csproj", "{4F2B4008-5E90-47B6-ADFF-9039D9DC4133}"
EndProject
Project("{FAE04EC0-301F-11D3-BF4B-00C04F79EFBC}") = "InheritanceTests", "InheritanceTests\InheritanceTests.csproj", "{AEBAB083-185B-45C2-9A4F-47BDC729175C}"
EndProject
Global
	GlobalSection(SolutionConfigurationPlatforms) = preSolution
		Debug|Any CPU = Debug|Any CPU
		Release|Any CPU = Release|Any CPU
	EndGlobalSection
	GlobalSection(ProjectConfigurationPlatforms) = postSolution
		{4F2B4008-5E90-47B6-ADFF-9039D9DC4133}.Debug|Any CPU.ActiveCfg = Debug|Any CPU
		{4F2B4008-5E90-47B6-ADFF-9039D9DC4133}.Debug|Any CPU.Build.0 = Debug|Any CPU
		{4F2B4008-5E90-47B6-ADFF-9039D9DC4133}.Release|Any CPU.ActiveCfg = Release|Any CPU
		{4F2B4008-5E90-47B6-ADFF-9039D9DC4133}.Release|Any CPU.Build.0 = Release|Any CPU
		{AEBAB083-185B-45C2-9A4F-47BDC729175C}.Debug|Any CPU.ActiveCfg = Debug|Any CPU
		{AEBAB083-185B-45C2-9A4F-47BDC729175C}.Debug|Any CPU.Build.0 = Debug|Any CPU
		{AEBAB083-185B-45C2-9A4F-47BDC729175C}.Release|Any CPU.ActiveCfg = Release|Any CPU
		{AEBAB083-185B-45C2-9A4F-47BDC729175C}.Release|Any CPU.Build.0 = Release|Any CPU
	EndGlobalSection
	GlobalSection(SolutionProperties) = preSolution
		HideSolutionNode = FALSE
	EndGlobalSection
	GlobalSection(ExtensibilityGlobals) = postSolution
		SolutionGuid = {7684065A-36C5-45FB-99F9-0A74BFC7790F}
	EndGlobalSection
EndGlobal
